
Microsoft Visual Studio Solution File, Format Version 12.00
# Visual Studio 15
VisualStudioVersion = 15.0.27703.2035
MinimumVisualStudioVersion = 10.0.40219.1
Project("{2150E333-8FDC-42A3-9474-1A3956D46DE8}") = "Solution Items", "Solution Items", "{E683993A-C3BE-4103-844D-1A27810C2414}"
	ProjectSection(SolutionItems) = preProject
		index.html = index.html
		README.md = README.md
	EndProjectSection
EndProject
Project("{2150E333-8FDC-42A3-9474-1A3956D46DE8}") = "css", "css", "{A12D9874-198C-467F-8F9A-44EC803792AA}"
	ProjectSection(SolutionItems) = preProject
		css\style.css = css\style.css
	EndProjectSection
EndProject
Project("{2150E333-8FDC-42A3-9474-1A3956D46DE8}") = "js", "js", "{753F1732-4194-459A-B4F9-EF4515AB0A43}"
	ProjectSection(SolutionItems) = preProject
		js\Canvas.js = js\Canvas.js
		js\DNA.js = js\DNA.js
		js\Fruits.js = js\Fruits.js
		js\GenaticAlgorithm.js = js\GenaticAlgorithm.js
		js\Main.js = js\Main.js
		js\Matrix.js = js\Matrix.js
		js\NeuralNetwork.js = js\NeuralNetwork.js
		js\seedrandom.js = js\seedrandom.js
		js\Snake.js = js\Snake.js
	EndProjectSection
EndProject
Global
	GlobalSection(SolutionProperties) = preSolution
		HideSolutionNode = FALSE
	EndGlobalSection
	GlobalSection(NestedProjects) = preSolution
		{A12D9874-198C-467F-8F9A-44EC803792AA} = {E683993A-C3BE-4103-844D-1A27810C2414}
		{753F1732-4194-459A-B4F9-EF4515AB0A43} = {E683993A-C3BE-4103-844D-1A27810C2414}
	EndGlobalSection
	GlobalSection(ExtensibilityGlobals) = postSolution
		SolutionGuid = {47B0901A-2E4E-4A71-B62E-EA16DA5DEC6D}
	EndGlobalSection
EndGlobal
