
Microsoft Visual Studio Solution File, Format Version 12.00
# Visual Studio 15
VisualStudioVersion = 15.0.27703.2035
MinimumVisualStudioVersion = 10.0.40219.1
Project("{2150E333-8FDC-42A3-9474-1A3956D46DE8}") = "Solution Items", "Solution Items", "{FB13DD60-70CD-43E9-85F7-0BF1BF629435}"
	ProjectSection(SolutionItems) = preProject
		index.html = index.html
	EndProjectSection
EndProject
Project("{2150E333-8FDC-42A3-9474-1A3956D46DE8}") = "js", "js", "{5E1579B4-E652-41CC-9386-DF81AF591B59}"
	ProjectSection(SolutionItems) = preProject
		js\Canvas.js = js\Canvas.js
		js\DNA.js = js\DNA.js
		js\Fruits.js = js\Fruits.js
		js\GenaticAlgorithm.js = js\GenaticAlgorithm.js
		js\Main.js = js\Main.js
		js\Matrix.js = js\Matrix.js
		js\NeuralNetwork.js = js\NeuralNetwork.js
		js\seedrandom.js = js\seedrandom.js
		js\Snake.js = js\Snake.js
	EndProjectSection
EndProject
Project("{2150E333-8FDC-42A3-9474-1A3956D46DE8}") = "css", "css", "{9A530BB7-FCED-47D2-8DFC-CB71298B5FC4}"
	ProjectSection(SolutionItems) = preProject
		css\style.css = css\style.css
	EndProjectSection
EndProject
Global
	GlobalSection(SolutionProperties) = preSolution
		HideSolutionNode = FALSE
	EndGlobalSection
	GlobalSection(NestedProjects) = preSolution
		{5E1579B4-E652-41CC-9386-DF81AF591B59} = {FB13DD60-70CD-43E9-85F7-0BF1BF629435}
		{9A530BB7-FCED-47D2-8DFC-CB71298B5FC4} = {FB13DD60-70CD-43E9-85F7-0BF1BF629435}
	EndGlobalSection
	GlobalSection(ExtensibilityGlobals) = postSolution
		SolutionGuid = {F1112E63-F762-4881-B592-31558835BC84}
	EndGlobalSection
EndGlobal
